{
  "version": 4,
  "terraform_version": "1.5.1",
  "serial": 1,
  "lineage": "3886ba3f-0f0e-62f0-ba45-e05f581de25d",
  "outputs": {},
  "resources": [
    {
      "mode": "managed",
      "type": "local_file",
      "name": "name",
      "provider": "provider[\"registry.terraform.io/hashicorp/local\"]",
      "instances": [
        {
          "schema_version": 0,
          "attributes": {
            "content": "MyStudies",
            "content_base64": null,
            "content_base64sha256": "T3M86OnlcGhZPKSS6CFlwS9q2JKdonDTbAwVAbZiccU=",
            "content_base64sha512": "q+Cjk2AWsd/VY81UiO5INHHle+OV2HgyFd4QxVH56SsD9BLG7+bqibFrcQ/C3TNjoUdnoPm8zBfT4k7CtvFRSQ==",
            "content_md5": "b03118debfe66f55960017395a796f36",
            "content_sha1": "efd35067585046be7b28986c4f139072b5fefdb2",
            "content_sha256": "4f733ce8e9e57068593ca492e82165c12f6ad8929da270d36c0c1501b66271c5",
            "content_sha512": "abe0a3936016b1dfd563cd5488ee483471e57be395d8783215de10c551f9e92b03f412c6efe6ea89b16b710fc2dd3363a14767a0f9bccc17d3e24ec2b6f15149",
            "directory_permission": "0777",
            "file_permission": "0777",
            "filename": "output.txt",
            "id": "efd35067585046be7b28986c4f139072b5fefdb2",
            "sensitive_content": null,
            "source": null
          },
          "sensitive_attributes": []
        }
      ]
    }
  ],
  "check_results": null
}
