{
  "version": 4,
  "terraform_version": "1.5.1",
  "serial": 19,
  "lineage": "3886ba3f-0f0e-62f0-ba45-e05f581de25d",
  "outputs": {},
  "resources": [
    {
      "mode": "managed",
      "type": "local_file",
      "name": "name",
      "provider": "provider[\"registry.terraform.io/hashicorp/local\"]",
      "instances": [
        {
          "schema_version": 0,
          "attributes": {
            "content": "teste via tfvars",
            "content_base64": null,
            "content_base64sha256": "daxXM7cwo6jWt8/hrgtmzqb1+NtoUKyB26HCV6VoFuM=",
            "content_base64sha512": "mGAqXvJ2rw/Gvjg/T5v+ESYqYP0bph0npGwiGVjqcPyHHzCOZFZiBrIETfmVl3HsThoXOl0foJsy7qXxPwMOHg==",
            "content_md5": "007b68036c8d76a95a2c51c72a8629a9",
            "content_sha1": "6377e238366e5870b6706748174089419cb1b86d",
            "content_sha256": "75ac5733b730a3a8d6b7cfe1ae0b66cea6f5f8db6850ac81dba1c257a56816e3",
            "content_sha512": "98602a5ef276af0fc6be383f4f9bfe11262a60fd1ba61d27a46c221958ea70fc871f308e64566206b2044df9959771ec4e1a173a5d1fa09b32eea5f13f030e1e",
            "directory_permission": "0777",
            "file_permission": "0777",
            "filename": "output.txt",
            "id": "6377e238366e5870b6706748174089419cb1b86d",
            "sensitive_content": null,
            "source": null
          },
          "sensitive_attributes": []
        }
      ]
    }
  ],
  "check_results": null
}
