{
  "version": 4,
  "terraform_version": "1.5.1",
  "serial": 22,
  "lineage": "3886ba3f-0f0e-62f0-ba45-e05f581de25d",
  "outputs": {},
  "resources": [
    {
      "mode": "managed",
      "type": "local_file",
      "name": "name",
      "provider": "provider[\"registry.terraform.io/hashicorp/local\"]",
      "instances": [
        {
          "schema_version": 0,
          "attributes": {
            "content": "esse veio via cli",
            "content_base64": null,
            "content_base64sha256": "lF5YdjFZ1/VSQEJsAOaaLtdzJ8JnRZ6vmD9YvEl3XPg=",
            "content_base64sha512": "0bRpaY+fgYvK3R0WMrqmc+I3WiQZknlUcuVy/i4VFOGYYjBXXYOhCx0mwVVRd99+FxRbdTwLiGqnmCyxFN/z/Q==",
            "content_md5": "507b1cb4a78d3572005de4f8dcd36b67",
            "content_sha1": "bc4e165049e639e69ba0a77286c7526051eeb461",
            "content_sha256": "945e58763159d7f55240426c00e69a2ed77327c267459eaf983f58bc49775cf8",
            "content_sha512": "d1b469698f9f818bcadd1d1632baa673e2375a241992795472e572fe2e1514e1986230575d83a10b1d26c1555177df7e17145b753c0b886aa7982cb114dff3fd",
            "directory_permission": "0777",
            "file_permission": "0777",
            "filename": "output.txt",
            "id": "bc4e165049e639e69ba0a77286c7526051eeb461",
            "sensitive_content": null,
            "source": null
          },
          "sensitive_attributes": []
        }
      ]
    }
  ],
  "check_results": null
}
