{
  "version": 4,
  "terraform_version": "1.5.1",
  "serial": 4,
  "lineage": "3886ba3f-0f0e-62f0-ba45-e05f581de25d",
  "outputs": {},
  "resources": [
    {
      "mode": "managed",
      "type": "local_file",
      "name": "name",
      "provider": "provider[\"registry.terraform.io/hashicorp/local\"]",
      "instances": [
        {
          "schema_version": 0,
          "attributes": {
            "content": "My Studies",
            "content_base64": null,
            "content_base64sha256": "d5fG/r2T8JRIdF7sZste7kGTR8oX8hhFtvYdab7iUss=",
            "content_base64sha512": "PV6CmgAQIPQOUIB1Gc3Kh3SV2Ts0E4AmnGXF8WiW73fvKviLLPOODyIfcJcKOV3BuM1E/DJ9BQtjxep+R+iH/g==",
            "content_md5": "fbb5899c17d35e5f74f082951f71ed49",
            "content_sha1": "8472455b1daa8ea6bf7ab136c2465da03b8affef",
            "content_sha256": "7797c6febd93f09448745eec66cb5eee419347ca17f21845b6f61d69bee252cb",
            "content_sha512": "3d5e829a001020f40e50807519cdca877495d93b341380269c65c5f16896ef77ef2af88b2cf38e0f221f70970a395dc1b8cd44fc327d050b63c5ea7e47e887fe",
            "directory_permission": "0777",
            "file_permission": "0777",
            "filename": "output.txt",
            "id": "8472455b1daa8ea6bf7ab136c2465da03b8affef",
            "sensitive_content": null,
            "source": null
          },
          "sensitive_attributes": []
        }
      ]
    }
  ],
  "check_results": null
}
